<?xml version="1.0" encoding="utf-8"?>
<Project ToolsVersion="4.0" xmlns="http://schemas.microsoft.com/developer/msbuild/2003">
  <ItemGroup>
    <Filter Include="源文件">
      <UniqueIdentifier>{4FC737F1-C7A5-4376-A066-2A32D752A2FF}</UniqueIdentifier>
      <Extensions>cpp;c;cc;cxx;c++;cppm;ixx;def;odl;idl;hpj;bat;asm;asmx</Extensions>
    </Filter>
    <Filter Include="头文件">
      <UniqueIdentifier>{93995380-89BD-4b04-88EB-625FBE52EBFB}</UniqueIdentifier>
      <Extensions>h;hh;hpp;hxx;h++;hm;inl;inc;ipp;xsd</Extensions>
    </Filter>
    <Filter Include="资源文件">
      <UniqueIdentifier>{67DA6AB6-F800-4c08-8B7A-83BB121AAD01}</UniqueIdentifier>
      <Extensions>rc;ico;cur;bmp;dlg;rc2;rct;bin;rgs;gif;jpg;jpeg;jpe;resx;tiff;tif;png;wav;mfcribbon-ms</Extensions>
    </Filter>
  </ItemGroup>
  <ItemGroup>
    <ClInclude Include="include\Common\Animation.hpp">
      <Filter>头文件</Filter>
    </ClInclude>
    <ClInclude Include="include\Common\Camera.hpp">
      <Filter>头文件</Filter>
    </ClInclude>
    <ClInclude Include="include\Common\Colliable.hpp">
      <Filter>头文件</Filter>
    </ClInclude>
    <ClInclude Include="include\Common\Collision.hpp">
      <Filter>头文件</Filter>
    </ClInclude>
    <ClInclude Include="include\Common\ColliSystem.hpp">
      <Filter>头文件</Filter>
    </ClInclude>
    <ClInclude Include="include\Common\Director.hpp">
      <Filter>头文件</Filter>
    </ClInclude>
    <ClInclude Include="include\Common\Draw.hpp">
      <Filter>头文件</Filter>
    </ClInclude>
    <ClInclude Include="include\Common\Drawable.hpp">
      <Filter>头文件</Filter>
    </ClInclude>
    <ClInclude Include="include\Common\HelpFunc.hpp">
      <Filter>头文件</Filter>
    </ClInclude>
    <ClInclude Include="include\Common\math.hpp">
      <Filter>头文件</Filter>
    </ClInclude>
    <ClInclude Include="include\Common\Program.hpp">
      <Filter>头文件</Filter>
    </ClInclude>
    <ClInclude Include="include\Common\Texture.hpp">
      <Filter>头文件</Filter>
    </ClInclude>
    <ClInclude Include="include\Common\TextureSheet.hpp">
      <Filter>头文件</Filter>
    </ClInclude>
    <ClInclude Include="include\GameBody\GameBody.hpp">
      <Filter>头文件</Filter>
    </ClInclude>
    <ClInclude Include="include\Sprite\BasicProp.hpp">
      <Filter>头文件</Filter>
    </ClInclude>
    <ClInclude Include="include\Sprite\Bomb.hpp">
      <Filter>头文件</Filter>
    </ClInclude>
    <ClInclude Include="include\Sprite\Bullet.hpp">
      <Filter>头文件</Filter>
    </ClInclude>
    <ClInclude Include="include\Sprite\ColliAnimation.hpp">
      <Filter>头文件</Filter>
    </ClInclude>
    <ClInclude Include="include\Sprite\Creature.hpp">
      <Filter>头文件</Filter>
    </ClInclude>
    <ClInclude Include="include\Sprite\DamageableSprite.hpp">
      <Filter>头文件</Filter>
    </ClInclude>
    <ClInclude Include="include\Sprite\Door.hpp">
      <Filter>头文件</Filter>
    </ClInclude>
    <ClInclude Include="include\Sprite\GameObject.hpp">
      <Filter>头文件</Filter>
    </ClInclude>
    <ClInclude Include="include\Sprite\HpBar.hpp">
      <Filter>头文件</Filter>
    </ClInclude>
    <ClInclude Include="include\Sprite\KilledEnemyNum.hpp">
      <Filter>头文件</Filter>
    </ClInclude>
    <ClInclude Include="include\Sprite\LittleRobo.hpp">
      <Filter>头文件</Filter>
    </ClInclude>
    <ClInclude Include="include\Sprite\Magema.hpp">
      <Filter>头文件</Filter>
    </ClInclude>
    <ClInclude Include="include\Sprite\MainRole.hpp">
      <Filter>头文件</Filter>
    </ClInclude>
    <ClInclude Include="include\Sprite\MusicRepo.hpp">
      <Filter>头文件</Filter>
    </ClInclude>
    <ClInclude Include="include\Sprite\Number.hpp">
      <Filter>头文件</Filter>
    </ClInclude>
    <ClInclude Include="include\Sprite\ObjJunkRecycle.hpp">
      <Filter>头文件</Filter>
    </ClInclude>
    <ClInclude Include="include\Sprite\OneUseAnimation.hpp">
      <Filter>头文件</Filter>
    </ClInclude>
    <ClInclude Include="include\Sprite\OneUseWave.hpp">
      <Filter>头文件</Filter>
    </ClInclude>
    <ClInclude Include="include\Sprite\Sprite.hpp">
      <Filter>头文件</Filter>
    </ClInclude>
    <ClInclude Include="include\Sprite\Sprites.hpp">
      <Filter>头文件</Filter>
    </ClInclude>
    <ClInclude Include="include\Sprite\StaticTexture.hpp">
      <Filter>头文件</Filter>
    </ClInclude>
    <ClInclude Include="include\Sprite\Timer.hpp">
      <Filter>头文件</Filter>
    </ClInclude>
    <ClInclude Include="include\Sprite\UIString.hpp">
      <Filter>头文件</Filter>
    </ClInclude>
    <ClInclude Include="include\Sprite\Wall.hpp">
      <Filter>头文件</Filter>
    </ClInclude>
    <ClInclude Include="include\Sprite\WaterTrap.hpp">
      <Filter>头文件</Filter>
    </ClInclude>
    <ClInclude Include="include\Sprite\WorldModel.hpp">
      <Filter>头文件</Filter>
    </ClInclude>
  </ItemGroup>
  <ItemGroup>
    <ClCompile Include="src\Common\Animation.cpp">
      <Filter>源文件</Filter>
    </ClCompile>
    <ClCompile Include="src\Common\Camera.cpp">
      <Filter>源文件</Filter>
    </ClCompile>
    <ClCompile Include="src\Common\Colliable.cpp">
      <Filter>源文件</Filter>
    </ClCompile>
    <ClCompile Include="src\Common\Collision.cpp">
      <Filter>源文件</Filter>
    </ClCompile>
    <ClCompile Include="src\Common\ColliSystem.cpp">
      <Filter>源文件</Filter>
    </ClCompile>
    <ClCompile Include="src\Common\Director.cpp">
      <Filter>源文件</Filter>
    </ClCompile>
    <ClCompile Include="src\Common\Draw.cpp">
      <Filter>源文件</Filter>
    </ClCompile>
    <ClCompile Include="src\Common\math.cpp">
      <Filter>源文件</Filter>
    </ClCompile>
    <ClCompile Include="src\Common\Program.cpp">
      <Filter>源文件</Filter>
    </ClCompile>
    <ClCompile Include="src\Common\Texture.cpp">
      <Filter>源文件</Filter>
    </ClCompile>
    <ClCompile Include="src\Common\TextureSheet.cpp">
      <Filter>源文件</Filter>
    </ClCompile>
    <ClCompile Include="src\GameBody\GameBody.cpp">
      <Filter>源文件</Filter>
    </ClCompile>
    <ClCompile Include="src\Sprite\BasicProp.cpp">
      <Filter>源文件</Filter>
    </ClCompile>
    <ClCompile Include="src\Sprite\Bomb.cpp">
      <Filter>源文件</Filter>
    </ClCompile>
    <ClCompile Include="src\Sprite\Bullte.cpp">
      <Filter>源文件</Filter>
    </ClCompile>
    <ClCompile Include="src\Sprite\ColliAnimation.cpp">
      <Filter>源文件</Filter>
    </ClCompile>
    <ClCompile Include="src\Sprite\Creature.cpp">
      <Filter>源文件</Filter>
    </ClCompile>
    <ClCompile Include="src\Sprite\Door.cpp">
      <Filter>源文件</Filter>
    </ClCompile>
    <ClCompile Include="src\Sprite\GameObject.cpp">
      <Filter>源文件</Filter>
    </ClCompile>
    <ClCompile Include="src\Sprite\HpBar.cpp">
      <Filter>源文件</Filter>
    </ClCompile>
    <ClCompile Include="src\Sprite\KilledEnemyNum.cpp">
      <Filter>源文件</Filter>
    </ClCompile>
    <ClCompile Include="src\Sprite\LittleRobo.cpp">
      <Filter>源文件</Filter>
    </ClCompile>
    <ClCompile Include="src\Sprite\Magema.cpp">
      <Filter>源文件</Filter>
    </ClCompile>
    <ClCompile Include="src\Sprite\MainRole.cpp">
      <Filter>源文件</Filter>
    </ClCompile>
    <ClCompile Include="src\Sprite\MusicRepo.cpp">
      <Filter>源文件</Filter>
    </ClCompile>
    <ClCompile Include="src\Sprite\Number.cpp">
      <Filter>源文件</Filter>
    </ClCompile>
    <ClCompile Include="src\Sprite\ObjJunkRecycle.cpp">
      <Filter>源文件</Filter>
    </ClCompile>
    <ClCompile Include="src\Sprite\OneUseAnimation.cpp">
      <Filter>源文件</Filter>
    </ClCompile>
    <ClCompile Include="src\Sprite\OneUseWave.cpp">
      <Filter>源文件</Filter>
    </ClCompile>
    <ClCompile Include="src\Sprite\Sprite.cpp">
      <Filter>源文件</Filter>
    </ClCompile>
    <ClCompile Include="src\Sprite\StaticTexture.cpp">
      <Filter>源文件</Filter>
    </ClCompile>
    <ClCompile Include="src\Sprite\Timer.cpp">
      <Filter>源文件</Filter>
    </ClCompile>
    <ClCompile Include="src\Sprite\UIString.cpp">
      <Filter>源文件</Filter>
    </ClCompile>
    <ClCompile Include="src\Sprite\Wall.cpp">
      <Filter>源文件</Filter>
    </ClCompile>
    <ClCompile Include="src\Sprite\WaterTrap.cpp">
      <Filter>源文件</Filter>
    </ClCompile>
    <ClCompile Include="src\Sprite\WorldModel.cpp">
      <Filter>源文件</Filter>
    </ClCompile>
    <ClCompile Include="src\main.cpp">
      <Filter>源文件</Filter>
    </ClCompile>
  </ItemGroup>
</Project>