
Microsoft Visual Studio Solution File, Format Version 12.00
# Visual Studio Version 17
VisualStudioVersion = 17.6.33829.357
MinimumVisualStudioVersion = 10.0.40219.1
Project("{8BC9CEB8-8B4A-11D0-8D11-00A0C91BC942}") = "AudioPlayer_pull_x64", "AudioPlayer_pull_x64\AudioPlayer_pull_x64.vcxproj", "{BF83B884-DBD3-40C8-9C13-66872D6A5589}"
EndProject
Project("{8BC9CEB8-8B4A-11D0-8D11-00A0C91BC942}") = "AudioPlayer_push_x64", "AudioPlayer_push_x64\AudioPlayer_push_x64.vcxproj", "{D7043D6C-D58B-4071-9F33-7F74236BFC11}"
EndProject
Project("{8BC9CEB8-8B4A-11D0-8D11-00A0C91BC942}") = "AudioPlayer_pull_x64_2", "AudioPlayer_pull_x64_2\AudioPlayer_pull_x64_2.vcxproj", "{742B4E41-A74E-499F-8307-9220C4F3DCB0}"
EndProject
Project("{8BC9CEB8-8B4A-11D0-8D11-00A0C91BC942}") = "AudioPlayer_pull_x64_3", "AudioPlayer_pull_x64_3\AudioPlayer_pull_x64_3.vcxproj", "{9EB9FA5F-14C9-4A6C-9B53-2596A320044E}"
EndProject
Project("{8BC9CEB8-8B4A-11D0-8D11-00A0C91BC942}") = "FileReader", "FileReader\FileReader.vcxproj", "{55361079-B8FC-4C2C-9760-52D98742C270}"
EndProject
Global
	GlobalSection(SolutionConfigurationPlatforms) = preSolution
		Debug|x64 = Debug|x64
		Debug|x86 = Debug|x86
		Release|x64 = Release|x64
		Release|x86 = Release|x86
	EndGlobalSection
	GlobalSection(ProjectConfigurationPlatforms) = postSolution
		{BF83B884-DBD3-40C8-9C13-66872D6A5589}.Debug|x64.ActiveCfg = Debug|x64
		{BF83B884-DBD3-40C8-9C13-66872D6A5589}.Debug|x64.Build.0 = Debug|x64
		{BF83B884-DBD3-40C8-9C13-66872D6A5589}.Debug|x86.ActiveCfg = Debug|Win32
		{BF83B884-DBD3-40C8-9C13-66872D6A5589}.Debug|x86.Build.0 = Debug|Win32
		{BF83B884-DBD3-40C8-9C13-66872D6A5589}.Release|x64.ActiveCfg = Release|x64
		{BF83B884-DBD3-40C8-9C13-66872D6A5589}.Release|x64.Build.0 = Release|x64
		{BF83B884-DBD3-40C8-9C13-66872D6A5589}.Release|x86.ActiveCfg = Release|Win32
		{BF83B884-DBD3-40C8-9C13-66872D6A5589}.Release|x86.Build.0 = Release|Win32
		{D7043D6C-D58B-4071-9F33-7F74236BFC11}.Debug|x64.ActiveCfg = Debug|x64
		{D7043D6C-D58B-4071-9F33-7F74236BFC11}.Debug|x64.Build.0 = Debug|x64
		{D7043D6C-D58B-4071-9F33-7F74236BFC11}.Debug|x86.ActiveCfg = Debug|Win32
		{D7043D6C-D58B-4071-9F33-7F74236BFC11}.Debug|x86.Build.0 = Debug|Win32
		{D7043D6C-D58B-4071-9F33-7F74236BFC11}.Release|x64.ActiveCfg = Release|x64
		{D7043D6C-D58B-4071-9F33-7F74236BFC11}.Release|x64.Build.0 = Release|x64
		{D7043D6C-D58B-4071-9F33-7F74236BFC11}.Release|x86.ActiveCfg = Release|Win32
		{D7043D6C-D58B-4071-9F33-7F74236BFC11}.Release|x86.Build.0 = Release|Win32
		{742B4E41-A74E-499F-8307-9220C4F3DCB0}.Debug|x64.ActiveCfg = Debug|x64
		{742B4E41-A74E-499F-8307-9220C4F3DCB0}.Debug|x64.Build.0 = Debug|x64
		{742B4E41-A74E-499F-8307-9220C4F3DCB0}.Debug|x86.ActiveCfg = Debug|Win32
		{742B4E41-A74E-499F-8307-9220C4F3DCB0}.Debug|x86.Build.0 = Debug|Win32
		{742B4E41-A74E-499F-8307-9220C4F3DCB0}.Release|x64.ActiveCfg = Release|x64
		{742B4E41-A74E-499F-8307-9220C4F3DCB0}.Release|x64.Build.0 = Release|x64
		{742B4E41-A74E-499F-8307-9220C4F3DCB0}.Release|x86.ActiveCfg = Release|Win32
		{742B4E41-A74E-499F-8307-9220C4F3DCB0}.Release|x86.Build.0 = Release|Win32
		{9EB9FA5F-14C9-4A6C-9B53-2596A320044E}.Debug|x64.ActiveCfg = Debug|x64
		{9EB9FA5F-14C9-4A6C-9B53-2596A320044E}.Debug|x64.Build.0 = Debug|x64
		{9EB9FA5F-14C9-4A6C-9B53-2596A320044E}.Debug|x86.ActiveCfg = Debug|Win32
		{9EB9FA5F-14C9-4A6C-9B53-2596A320044E}.Debug|x86.Build.0 = Debug|Win32
		{9EB9FA5F-14C9-4A6C-9B53-2596A320044E}.Release|x64.ActiveCfg = Release|x64
		{9EB9FA5F-14C9-4A6C-9B53-2596A320044E}.Release|x64.Build.0 = Release|x64
		{9EB9FA5F-14C9-4A6C-9B53-2596A320044E}.Release|x86.ActiveCfg = Release|Win32
		{9EB9FA5F-14C9-4A6C-9B53-2596A320044E}.Release|x86.Build.0 = Release|Win32
		{55361079-B8FC-4C2C-9760-52D98742C270}.Debug|x64.ActiveCfg = Debug|x64
		{55361079-B8FC-4C2C-9760-52D98742C270}.Debug|x64.Build.0 = Debug|x64
		{55361079-B8FC-4C2C-9760-52D98742C270}.Debug|x86.ActiveCfg = Debug|Win32
		{55361079-B8FC-4C2C-9760-52D98742C270}.Debug|x86.Build.0 = Debug|Win32
		{55361079-B8FC-4C2C-9760-52D98742C270}.Release|x64.ActiveCfg = Release|x64
		{55361079-B8FC-4C2C-9760-52D98742C270}.Release|x64.Build.0 = Release|x64
		{55361079-B8FC-4C2C-9760-52D98742C270}.Release|x86.ActiveCfg = Release|Win32
		{55361079-B8FC-4C2C-9760-52D98742C270}.Release|x86.Build.0 = Release|Win32
	EndGlobalSection
	GlobalSection(SolutionProperties) = preSolution
		HideSolutionNode = FALSE
	EndGlobalSection
	GlobalSection(ExtensibilityGlobals) = postSolution
		SolutionGuid = {442CD405-4D82-4DE6-A8E9-4C188622D9F6}
	EndGlobalSection
EndGlobal
