
Microsoft Visual Studio Solution File, Format Version 12.00
# Visual Studio Version 17
VisualStudioVersion = 17.6.33829.357
MinimumVisualStudioVersion = 10.0.40219.1
Project("{8BC9CEB8-8B4A-11D0-8D11-00A0C91BC942}") = "04_FollowCursor_x64", "04_FollowCursor_x64\04_FollowCursor_x64.vcxproj", "{D1DC32CD-E3AF-488C-BD32-F41C821582FF}"
EndProject
Global
	GlobalSection(SolutionConfigurationPlatforms) = preSolution
		Debug|x64 = Debug|x64
		Debug|x86 = Debug|x86
		Release|x64 = Release|x64
		Release|x86 = Release|x86
	EndGlobalSection
	GlobalSection(ProjectConfigurationPlatforms) = postSolution
		{D1DC32CD-E3AF-488C-BD32-F41C821582FF}.Debug|x64.ActiveCfg = Debug|x64
		{D1DC32CD-E3AF-488C-BD32-F41C821582FF}.Debug|x64.Build.0 = Debug|x64
		{D1DC32CD-E3AF-488C-BD32-F41C821582FF}.Debug|x86.ActiveCfg = Debug|Win32
		{D1DC32CD-E3AF-488C-BD32-F41C821582FF}.Debug|x86.Build.0 = Debug|Win32
		{D1DC32CD-E3AF-488C-BD32-F41C821582FF}.Release|x64.ActiveCfg = Release|x64
		{D1DC32CD-E3AF-488C-BD32-F41C821582FF}.Release|x64.Build.0 = Release|x64
		{D1DC32CD-E3AF-488C-BD32-F41C821582FF}.Release|x86.ActiveCfg = Release|Win32
		{D1DC32CD-E3AF-488C-BD32-F41C821582FF}.Release|x86.Build.0 = Release|Win32
	EndGlobalSection
	GlobalSection(SolutionProperties) = preSolution
		HideSolutionNode = FALSE
	EndGlobalSection
	GlobalSection(ExtensibilityGlobals) = postSolution
		SolutionGuid = {EB7D6362-BD58-4668-8863-EFB67912D189}
	EndGlobalSection
EndGlobal
