
Microsoft Visual Studio Solution File, Format Version 12.00
# Visual Studio Version 17
VisualStudioVersion = 17.6.33829.357
MinimumVisualStudioVersion = 10.0.40219.1
Project("{8BC9CEB8-8B4A-11D0-8D11-00A0C91BC942}") = "pacman-SDL2-x64", "pacman-SDL2-x64\pacman-SDL2-x64.vcxproj", "{4457C552-7018-4AD9-9AFA-DD39AC1B8C4C}"
EndProject
Global
	GlobalSection(SolutionConfigurationPlatforms) = preSolution
		Debug|x64 = Debug|x64
		Debug|x86 = Debug|x86
		Release|x64 = Release|x64
		Release|x86 = Release|x86
	EndGlobalSection
	GlobalSection(ProjectConfigurationPlatforms) = postSolution
		{4457C552-7018-4AD9-9AFA-DD39AC1B8C4C}.Debug|x64.ActiveCfg = Debug|x64
		{4457C552-7018-4AD9-9AFA-DD39AC1B8C4C}.Debug|x64.Build.0 = Debug|x64
		{4457C552-7018-4AD9-9AFA-DD39AC1B8C4C}.Debug|x86.ActiveCfg = Debug|Win32
		{4457C552-7018-4AD9-9AFA-DD39AC1B8C4C}.Debug|x86.Build.0 = Debug|Win32
		{4457C552-7018-4AD9-9AFA-DD39AC1B8C4C}.Release|x64.ActiveCfg = Release|x64
		{4457C552-7018-4AD9-9AFA-DD39AC1B8C4C}.Release|x64.Build.0 = Release|x64
		{4457C552-7018-4AD9-9AFA-DD39AC1B8C4C}.Release|x86.ActiveCfg = Release|Win32
		{4457C552-7018-4AD9-9AFA-DD39AC1B8C4C}.Release|x86.Build.0 = Release|Win32
	EndGlobalSection
	GlobalSection(SolutionProperties) = preSolution
		HideSolutionNode = FALSE
	EndGlobalSection
	GlobalSection(ExtensibilityGlobals) = postSolution
		SolutionGuid = {DD890BF3-8DD9-401A-A1F8-ABCB452F5683}
	EndGlobalSection
EndGlobal
