
Microsoft Visual Studio Solution File, Format Version 12.00
# Visual Studio Version 17
VisualStudioVersion = 17.6.33829.357
MinimumVisualStudioVersion = 10.0.40219.1
Project("{8BC9CEB8-8B4A-11D0-8D11-00A0C91BC942}") = "SDL_Thread_Mutex_x86", "SDL_Thread_Mutex_x86\SDL_Thread_Mutex_x86.vcxproj", "{AC20E0D9-337E-47C7-8DCF-08D2BE738029}"
EndProject
Project("{8BC9CEB8-8B4A-11D0-8D11-00A0C91BC942}") = "SDL_Thread_x86_2", "SDL_Thread_x86\SDL_Thread_x86.vcxproj", "{068CE09F-109D-4D3F-B660-B807F1C05C25}"
EndProject
Project("{8BC9CEB8-8B4A-11D0-8D11-00A0C91BC942}") = "SDL_Thread_Cond_x86", "SDL_Thread_Cond_x86\SDL_Thread_Cond_x86.vcxproj", "{0F2FB25F-3329-4644-A034-6477C5E21771}"
EndProject
Global
	GlobalSection(SolutionConfigurationPlatforms) = preSolution
		Debug|x64 = Debug|x64
		Debug|x86 = Debug|x86
		Release|x64 = Release|x64
		Release|x86 = Release|x86
	EndGlobalSection
	GlobalSection(ProjectConfigurationPlatforms) = postSolution
		{AC20E0D9-337E-47C7-8DCF-08D2BE738029}.Debug|x64.ActiveCfg = Debug|x64
		{AC20E0D9-337E-47C7-8DCF-08D2BE738029}.Debug|x64.Build.0 = Debug|x64
		{AC20E0D9-337E-47C7-8DCF-08D2BE738029}.Debug|x86.ActiveCfg = Debug|Win32
		{AC20E0D9-337E-47C7-8DCF-08D2BE738029}.Debug|x86.Build.0 = Debug|Win32
		{AC20E0D9-337E-47C7-8DCF-08D2BE738029}.Release|x64.ActiveCfg = Release|x64
		{AC20E0D9-337E-47C7-8DCF-08D2BE738029}.Release|x64.Build.0 = Release|x64
		{AC20E0D9-337E-47C7-8DCF-08D2BE738029}.Release|x86.ActiveCfg = Release|Win32
		{AC20E0D9-337E-47C7-8DCF-08D2BE738029}.Release|x86.Build.0 = Release|Win32
		{068CE09F-109D-4D3F-B660-B807F1C05C25}.Debug|x64.ActiveCfg = Debug|x64
		{068CE09F-109D-4D3F-B660-B807F1C05C25}.Debug|x64.Build.0 = Debug|x64
		{068CE09F-109D-4D3F-B660-B807F1C05C25}.Debug|x86.ActiveCfg = Debug|Win32
		{068CE09F-109D-4D3F-B660-B807F1C05C25}.Debug|x86.Build.0 = Debug|Win32
		{068CE09F-109D-4D3F-B660-B807F1C05C25}.Release|x64.ActiveCfg = Release|x64
		{068CE09F-109D-4D3F-B660-B807F1C05C25}.Release|x64.Build.0 = Release|x64
		{068CE09F-109D-4D3F-B660-B807F1C05C25}.Release|x86.ActiveCfg = Release|Win32
		{068CE09F-109D-4D3F-B660-B807F1C05C25}.Release|x86.Build.0 = Release|Win32
		{0F2FB25F-3329-4644-A034-6477C5E21771}.Debug|x64.ActiveCfg = Debug|x64
		{0F2FB25F-3329-4644-A034-6477C5E21771}.Debug|x64.Build.0 = Debug|x64
		{0F2FB25F-3329-4644-A034-6477C5E21771}.Debug|x86.ActiveCfg = Debug|Win32
		{0F2FB25F-3329-4644-A034-6477C5E21771}.Debug|x86.Build.0 = Debug|Win32
		{0F2FB25F-3329-4644-A034-6477C5E21771}.Release|x64.ActiveCfg = Release|x64
		{0F2FB25F-3329-4644-A034-6477C5E21771}.Release|x64.Build.0 = Release|x64
		{0F2FB25F-3329-4644-A034-6477C5E21771}.Release|x86.ActiveCfg = Release|Win32
		{0F2FB25F-3329-4644-A034-6477C5E21771}.Release|x86.Build.0 = Release|Win32
	EndGlobalSection
	GlobalSection(SolutionProperties) = preSolution
		HideSolutionNode = FALSE
	EndGlobalSection
	GlobalSection(ExtensibilityGlobals) = postSolution
		SolutionGuid = {87707975-434A-49DA-84E9-588DA393AAD6}
	EndGlobalSection
EndGlobal
