
Microsoft Visual Studio Solution File, Format Version 12.00
# Visual Studio Version 17
VisualStudioVersion = 17.6.33829.357
MinimumVisualStudioVersion = 10.0.40219.1
Project("{8BC9CEB8-8B4A-11D0-8D11-00A0C91BC942}") = "LoadPhoto-x64", "LoadPhoto-x64\LoadPhoto-x64.vcxproj", "{92B0B031-9EF4-4B9C-B12B-9E0DCAEC418B}"
EndProject
Project("{8BC9CEB8-8B4A-11D0-8D11-00A0C91BC942}") = "LoadPhoto-x86", "LoadPhoto-x86\LoadPhoto-x86.vcxproj", "{343F87BC-33E3-4614-9162-2081A0E97937}"
EndProject
Global
	GlobalSection(SolutionConfigurationPlatforms) = preSolution
		Debug|x64 = Debug|x64
		Debug|x86 = Debug|x86
		Release|x64 = Release|x64
		Release|x86 = Release|x86
	EndGlobalSection
	GlobalSection(ProjectConfigurationPlatforms) = postSolution
		{92B0B031-9EF4-4B9C-B12B-9E0DCAEC418B}.Debug|x64.ActiveCfg = Debug|x64
		{92B0B031-9EF4-4B9C-B12B-9E0DCAEC418B}.Debug|x64.Build.0 = Debug|x64
		{92B0B031-9EF4-4B9C-B12B-9E0DCAEC418B}.Debug|x86.ActiveCfg = Debug|Win32
		{92B0B031-9EF4-4B9C-B12B-9E0DCAEC418B}.Debug|x86.Build.0 = Debug|Win32
		{92B0B031-9EF4-4B9C-B12B-9E0DCAEC418B}.Release|x64.ActiveCfg = Release|x64
		{92B0B031-9EF4-4B9C-B12B-9E0DCAEC418B}.Release|x64.Build.0 = Release|x64
		{92B0B031-9EF4-4B9C-B12B-9E0DCAEC418B}.Release|x86.ActiveCfg = Release|Win32
		{92B0B031-9EF4-4B9C-B12B-9E0DCAEC418B}.Release|x86.Build.0 = Release|Win32
		{343F87BC-33E3-4614-9162-2081A0E97937}.Debug|x64.ActiveCfg = Debug|x64
		{343F87BC-33E3-4614-9162-2081A0E97937}.Debug|x64.Build.0 = Debug|x64
		{343F87BC-33E3-4614-9162-2081A0E97937}.Debug|x86.ActiveCfg = Debug|Win32
		{343F87BC-33E3-4614-9162-2081A0E97937}.Debug|x86.Build.0 = Debug|Win32
		{343F87BC-33E3-4614-9162-2081A0E97937}.Release|x64.ActiveCfg = Release|x64
		{343F87BC-33E3-4614-9162-2081A0E97937}.Release|x64.Build.0 = Release|x64
		{343F87BC-33E3-4614-9162-2081A0E97937}.Release|x86.ActiveCfg = Release|Win32
		{343F87BC-33E3-4614-9162-2081A0E97937}.Release|x86.Build.0 = Release|Win32
	EndGlobalSection
	GlobalSection(SolutionProperties) = preSolution
		HideSolutionNode = FALSE
	EndGlobalSection
	GlobalSection(ExtensibilityGlobals) = postSolution
		SolutionGuid = {F3D28B9B-1DB6-4400-8975-3239B74871BC}
	EndGlobalSection
EndGlobal
