
Microsoft Visual Studio Solution File, Format Version 12.00
# Visual Studio Version 17
VisualStudioVersion = 17.7.34003.232
MinimumVisualStudioVersion = 10.0.40219.1
Project("{8BC9CEB8-8B4A-11D0-8D11-00A0C91BC942}") = "SoftRenderer_x64", "SoftRenderer_x64\SoftRenderer_x64.vcxproj", "{47E9414B-49FA-432C-B7B6-FA7D5CED6EBC}"
EndProject
Global
	GlobalSection(SolutionConfigurationPlatforms) = preSolution
		Debug|x64 = Debug|x64
		Debug|x86 = Debug|x86
		Release|x64 = Release|x64
		Release|x86 = Release|x86
	EndGlobalSection
	GlobalSection(ProjectConfigurationPlatforms) = postSolution
		{47E9414B-49FA-432C-B7B6-FA7D5CED6EBC}.Debug|x64.ActiveCfg = Debug|x64
		{47E9414B-49FA-432C-B7B6-FA7D5CED6EBC}.Debug|x64.Build.0 = Debug|x64
		{47E9414B-49FA-432C-B7B6-FA7D5CED6EBC}.Debug|x86.ActiveCfg = Debug|Win32
		{47E9414B-49FA-432C-B7B6-FA7D5CED6EBC}.Debug|x86.Build.0 = Debug|Win32
		{47E9414B-49FA-432C-B7B6-FA7D5CED6EBC}.Release|x64.ActiveCfg = Release|x64
		{47E9414B-49FA-432C-B7B6-FA7D5CED6EBC}.Release|x64.Build.0 = Release|x64
		{47E9414B-49FA-432C-B7B6-FA7D5CED6EBC}.Release|x86.ActiveCfg = Release|Win32
		{47E9414B-49FA-432C-B7B6-FA7D5CED6EBC}.Release|x86.Build.0 = Release|Win32
	EndGlobalSection
	GlobalSection(SolutionProperties) = preSolution
		HideSolutionNode = FALSE
	EndGlobalSection
	GlobalSection(ExtensibilityGlobals) = postSolution
		SolutionGuid = {EE55F472-64A1-4CD7-AA88-C24DEC34F3C9}
	EndGlobalSection
EndGlobal
