
Microsoft Visual Studio Solution File, Format Version 12.00
# Visual Studio Version 17
VisualStudioVersion = 17.6.33829.357
MinimumVisualStudioVersion = 10.0.40219.1
Project("{8BC9CEB8-8B4A-11D0-8D11-00A0C91BC942}") = "Sqlite3Test_x64", "Sqlite3Test_x64\Sqlite3Test_x64.vcxproj", "{695A7F58-26FF-4658-94E9-F7D826BFA5CB}"
EndProject
Global
	GlobalSection(SolutionConfigurationPlatforms) = preSolution
		Debug|x64 = Debug|x64
		Debug|x86 = Debug|x86
		Release|x64 = Release|x64
		Release|x86 = Release|x86
	EndGlobalSection
	GlobalSection(ProjectConfigurationPlatforms) = postSolution
		{695A7F58-26FF-4658-94E9-F7D826BFA5CB}.Debug|x64.ActiveCfg = Debug|x64
		{695A7F58-26FF-4658-94E9-F7D826BFA5CB}.Debug|x64.Build.0 = Debug|x64
		{695A7F58-26FF-4658-94E9-F7D826BFA5CB}.Debug|x86.ActiveCfg = Debug|Win32
		{695A7F58-26FF-4658-94E9-F7D826BFA5CB}.Debug|x86.Build.0 = Debug|Win32
		{695A7F58-26FF-4658-94E9-F7D826BFA5CB}.Release|x64.ActiveCfg = Release|x64
		{695A7F58-26FF-4658-94E9-F7D826BFA5CB}.Release|x64.Build.0 = Release|x64
		{695A7F58-26FF-4658-94E9-F7D826BFA5CB}.Release|x86.ActiveCfg = Release|Win32
		{695A7F58-26FF-4658-94E9-F7D826BFA5CB}.Release|x86.Build.0 = Release|Win32
	EndGlobalSection
	GlobalSection(SolutionProperties) = preSolution
		HideSolutionNode = FALSE
	EndGlobalSection
	GlobalSection(ExtensibilityGlobals) = postSolution
		SolutionGuid = {38513134-439F-42D1-985C-DB0A8630BD69}
	EndGlobalSection
EndGlobal
