
Microsoft Visual Studio Solution File, Format Version 12.00
# Visual Studio Version 17
VisualStudioVersion = 17.6.33829.357
MinimumVisualStudioVersion = 10.0.40219.1
Project("{8BC9CEB8-8B4A-11D0-8D11-00A0C91BC942}") = "LoadImage_x64", "LoadImage_x64\LoadImage_x64.vcxproj", "{309BDE4C-DFC1-400C-9D52-D3E2BE4554A4}"
EndProject
Project("{8BC9CEB8-8B4A-11D0-8D11-00A0C91BC942}") = "LoadImage_x86", "LoadImage_x86\LoadImage_x86.vcxproj", "{DA90DDAD-F079-4A74-BFA8-CA8EE8851B87}"
EndProject
Global
	GlobalSection(SolutionConfigurationPlatforms) = preSolution
		Debug|x64 = Debug|x64
		Debug|x86 = Debug|x86
		Release|x64 = Release|x64
		Release|x86 = Release|x86
	EndGlobalSection
	GlobalSection(ProjectConfigurationPlatforms) = postSolution
		{309BDE4C-DFC1-400C-9D52-D3E2BE4554A4}.Debug|x64.ActiveCfg = Debug|x64
		{309BDE4C-DFC1-400C-9D52-D3E2BE4554A4}.Debug|x64.Build.0 = Debug|x64
		{309BDE4C-DFC1-400C-9D52-D3E2BE4554A4}.Debug|x86.ActiveCfg = Debug|Win32
		{309BDE4C-DFC1-400C-9D52-D3E2BE4554A4}.Debug|x86.Build.0 = Debug|Win32
		{309BDE4C-DFC1-400C-9D52-D3E2BE4554A4}.Release|x64.ActiveCfg = Release|x64
		{309BDE4C-DFC1-400C-9D52-D3E2BE4554A4}.Release|x64.Build.0 = Release|x64
		{309BDE4C-DFC1-400C-9D52-D3E2BE4554A4}.Release|x86.ActiveCfg = Release|Win32
		{309BDE4C-DFC1-400C-9D52-D3E2BE4554A4}.Release|x86.Build.0 = Release|Win32
		{DA90DDAD-F079-4A74-BFA8-CA8EE8851B87}.Debug|x64.ActiveCfg = Debug|x64
		{DA90DDAD-F079-4A74-BFA8-CA8EE8851B87}.Debug|x64.Build.0 = Debug|x64
		{DA90DDAD-F079-4A74-BFA8-CA8EE8851B87}.Debug|x86.ActiveCfg = Debug|Win32
		{DA90DDAD-F079-4A74-BFA8-CA8EE8851B87}.Debug|x86.Build.0 = Debug|Win32
		{DA90DDAD-F079-4A74-BFA8-CA8EE8851B87}.Release|x64.ActiveCfg = Release|x64
		{DA90DDAD-F079-4A74-BFA8-CA8EE8851B87}.Release|x64.Build.0 = Release|x64
		{DA90DDAD-F079-4A74-BFA8-CA8EE8851B87}.Release|x86.ActiveCfg = Release|Win32
		{DA90DDAD-F079-4A74-BFA8-CA8EE8851B87}.Release|x86.Build.0 = Release|Win32
	EndGlobalSection
	GlobalSection(SolutionProperties) = preSolution
		HideSolutionNode = FALSE
	EndGlobalSection
	GlobalSection(ExtensibilityGlobals) = postSolution
		SolutionGuid = {8480D524-5699-4332-8107-DFA6160D8A66}
	EndGlobalSection
EndGlobal
